{
  "name": "diff-match-patch-cli",
  "version": "1.0.0",
  "lockfileVersion": 2,
  "requires": true,
  "packages": {
    "": {
      "name": "diff-match-patch-cli",
      "version": "1.0.0",
      "license": "MIT",
      "dependencies": {
        "commander": "^2.20.0",
        "diff-match-patch": "^1.0.4",
        "invariant": "^2.2.4",
        "mz": "^2.7.0"
      },
      "bin": {
        "dmp": "cli.js"
      },
      "engines": {
        "node": ">=8"
      }
    },
    "node_modules/any-promise": {
      "version": "1.3.0",
      "license": "MIT"
    },
    "node_modules/commander": {
      "version": "2.20.0",
      "license": "MIT"
    },
    "node_modules/diff-match-patch": {
      "version": "1.0.4",
      "license": "Apache-2.0"
    },
    "node_modules/invariant": {
      "version": "2.2.4",
      "license": "MIT",
      "dependencies": {
        "loose-envify": "^1.0.0"
      }
    },
    "node_modules/js-tokens": {
      "version": "4.0.0",
      "license": "MIT"
    },
    "node_modules/loose-envify": {
      "version": "1.4.0",
      "license": "MIT",
      "dependencies": {
        "js-tokens": "^3.0.0 || ^4.0.0"
      },
      "bin": {
        "loose-envify": "cli.js"
      }
    },
    "node_modules/mz": {
      "version": "2.7.0",
      "license": "MIT",
      "dependencies": {
        "any-promise": "^1.0.0",
        "object-assign": "^4.0.1",
        "thenify-all": "^1.0.0"
      }
    },
    "node_modules/object-assign": {
      "version": "4.1.1",
      "license": "MIT",
      "engines": {
        "node": ">=0.10.0"
      }
    },
    "node_modules/thenify": {
      "version": "3.3.0",
      "license": "MIT",
      "dependencies": {
        "any-promise": "^1.0.0"
      }
    },
    "node_modules/thenify-all": {
      "version": "1.6.0",
      "license": "MIT",
      "dependencies": {
        "thenify": ">= 3.1.0 < 4"
      },
      "engines": {
        "node": ">=0.8"
      }
    }
  },
  "dependencies": {
    "any-promise": {
      "version": "1.3.0"
    },
    "commander": {
      "version": "2.20.0"
    },
    "diff-match-patch": {
      "version": "1.0.4"
    },
    "invariant": {
      "version": "2.2.4",
      "requires": {
        "loose-envify": "^1.0.0"
      }
    },
    "js-tokens": {
      "version": "4.0.0"
    },
    "loose-envify": {
      "version": "1.4.0",
      "requires": {
        "js-tokens": "^3.0.0 || ^4.0.0"
      }
    },
    "mz": {
      "version": "2.7.0",
      "requires": {
        "any-promise": "^1.0.0",
        "object-assign": "^4.0.1",
        "thenify-all": "^1.0.0"
      }
    },
    "object-assign": {
      "version": "4.1.1"
    },
    "thenify": {
      "version": "3.3.0",
      "requires": {
        "any-promise": "^1.0.0"
      }
    },
    "thenify-all": {
      "version": "1.6.0",
      "requires": {
        "thenify": ">= 3.1.0 < 4"
      }
    }
  }
}
